
Microsoft Visual Studio Solution File, Format Version 12.00
# Visual Studio Version 16
VisualStudioVersion = 16.0.31112.23
MinimumVisualStudioVersion = 10.0.40219.1
Project("{8BC9CEB8-8B4A-11D0-8D11-00A0C91BC942}") = "Promik_BTBasic_API", "Promik_BTBasic_API\Promik_BTBasic_API.vcxproj", "{4AF29C25-AB0E-409E-96BD-1E2ACFC40254}"
EndProject
Global
	GlobalSection(SolutionConfigurationPlatforms) = preSolution
		Debug|x64 = Debug|x64
		Debug|x86 = Debug|x86
		Release|x64 = Release|x64
		Release|x86 = Release|x86
	EndGlobalSection
	GlobalSection(ProjectConfigurationPlatforms) = postSolution
		{4AF29C25-AB0E-409E-96BD-1E2ACFC40254}.Debug|x64.ActiveCfg = Release|Win32
		{4AF29C25-AB0E-409E-96BD-1E2ACFC40254}.Debug|x64.Build.0 = Release|Win32
		{4AF29C25-AB0E-409E-96BD-1E2ACFC40254}.Debug|x86.ActiveCfg = Debug|Win32
		{4AF29C25-AB0E-409E-96BD-1E2ACFC40254}.Debug|x86.Build.0 = Debug|Win32
		{4AF29C25-AB0E-409E-96BD-1E2ACFC40254}.Release|x64.ActiveCfg = Release|x64
		{4AF29C25-AB0E-409E-96BD-1E2ACFC40254}.Release|x64.Build.0 = Release|x64
		{4AF29C25-AB0E-409E-96BD-1E2ACFC40254}.Release|x86.ActiveCfg = Release|Win32
		{4AF29C25-AB0E-409E-96BD-1E2ACFC40254}.Release|x86.Build.0 = Release|Win32
	EndGlobalSection
	GlobalSection(SolutionProperties) = preSolution
		HideSolutionNode = FALSE
	EndGlobalSection
	GlobalSection(ExtensibilityGlobals) = postSolution
		SolutionGuid = {42D3FB75-1D39-4446-AA50-517D458D0A98}
	EndGlobalSection
EndGlobal
